// !$*UTF8*$!
{
	archiveVersion = 1;
	classes = {
	};
	objectVersion = 77;
	objects = {

/* Begin PBXBuildFile section */
		640791642CAAFA7900926260 /* HomeControlClient in Frameworks */ = {isa = PBXBuildFile; productRef = 640791632CAAFA7900926260 /* HomeControlClient */; };
		64CA8F392CA9CE460013CA4E /* HomeControlClient in Frameworks */ = {isa = PBXBuildFile; productRef = 64CA8F382CA9CE460013CA4E /* HomeControlClient */; };
		64CA8F3C2CA9CE510013CA4E /* GoeKit in Frameworks */ = {isa = PBXBuildFile; productRef = 64CA8F3B2CA9CE510013CA4E /* GoeKit */; };
/* End PBXBuildFile section */

/* Begin PBXFileReference section */
		640791542CAAFA6100926260 /* HomeControlAdapterGoeWallbox.xcodeproj */ = {isa = PBXFileReference; lastKnownFileType = "wrapper.pb-project"; path = HomeControlAdapterGoeWallbox.xcodeproj; sourceTree = "<group>"; };
		64CA8EFC2CA9CCF60013CA4E /* HomeControlAdapterGoeWallbox.app */ = {isa = PBXFileReference; explicitFileType = wrapper.application; includeInIndex = 0; path = HomeControlAdapterGoeWallbox.app; sourceTree = BUILT_PRODUCTS_DIR; };
		64CA8F2B2CA9CD860013CA4E /* HomeControlAdapterGoeWallbox.xcodeproj */ = {isa = PBXFileReference; lastKnownFileType = "wrapper.pb-project"; path = HomeControlAdapterGoeWallbox.xcodeproj; sourceTree = "<group>"; };
		64CA8F462CA9D6820013CA4E /* HomeControlAdapterGoeWallbox.xcodeproj */ = {isa = PBXFileReference; lastKnownFileType = "wrapper.pb-project"; path = HomeControlAdapterGoeWallbox.xcodeproj; sourceTree = "<group>"; };
/* End PBXFileReference section */

/* Begin PBXFileSystemSynchronizedRootGroup section */
		64CA8EFE2CA9CCF60013CA4E /* HomeControlAdapterGoeWallbox */ = {
			isa = PBXFileSystemSynchronizedRootGroup;
			path = HomeControlAdapterGoeWallbox;
			sourceTree = "<group>";
		};
/* End PBXFileSystemSynchronizedRootGroup section */

/* Begin PBXFrameworksBuildPhase section */
		64CA8EF92CA9CCF60013CA4E /* Frameworks */ = {
			isa = PBXFrameworksBuildPhase;
			buildActionMask = 2147483647;
			files = (
				64CA8F392CA9CE460013CA4E /* HomeControlClient in Frameworks */,
				64CA8F3C2CA9CE510013CA4E /* GoeKit in Frameworks */,
				640791642CAAFA7900926260 /* HomeControlClient in Frameworks */,
			);
			runOnlyForDeploymentPostprocessing = 0;
		};
/* End PBXFrameworksBuildPhase section */

/* Begin PBXGroup section */
		640791562CAAFA6100926260 /* Products */ = {
			isa = PBXGroup;
			children = (
			);
			name = Products;
			sourceTree = "<group>";
		};
		64CA8EF32CA9CCF60013CA4E = {
			isa = PBXGroup;
			children = (
				64CA8EFE2CA9CCF60013CA4E /* HomeControlAdapterGoeWallbox */,
				64CA8EFD2CA9CCF60013CA4E /* Products */,
			);
			sourceTree = "<group>";
		};
		64CA8EFD2CA9CCF60013CA4E /* Products */ = {
			isa = PBXGroup;
			children = (
				64CA8EFC2CA9CCF60013CA4E /* HomeControlAdapterGoeWallbox.app */,
			);
			name = Products;
			sourceTree = "<group>";
		};
		64CA8F2C2CA9CD860013CA4E /* Products */ = {
			isa = PBXGroup;
			children = (
			);
			name = Products;
			sourceTree = "<group>";
		};
		64CA8F482CA9D6820013CA4E /* Products */ = {
			isa = PBXGroup;
			children = (
			);
			name = Products;
			sourceTree = "<group>";
		};
/* End PBXGroup section */

/* Begin PBXNativeTarget section */
		64CA8EFB2CA9CCF60013CA4E /* HomeControlAdapterGoeWallbox */ = {
			isa = PBXNativeTarget;
			buildConfigurationList = 64CA8F0B2CA9CCF70013CA4E /* Build configuration list for PBXNativeTarget "HomeControlAdapterGoeWallbox" */;
			buildPhases = (
				64CA8F2A2CA9CD650013CA4E /* Swift Lint */,
				64CA8EF82CA9CCF60013CA4E /* Sources */,
				64CA8EF92CA9CCF60013CA4E /* Frameworks */,
				64CA8EFA2CA9CCF60013CA4E /* Resources */,
			);
			buildRules = (
			);
			dependencies = (
			);
			fileSystemSynchronizedGroups = (
				64CA8EFE2CA9CCF60013CA4E /* HomeControlAdapterGoeWallbox */,
			);
			name = HomeControlAdapterGoeWallbox;
			packageProductDependencies = (
				64CA8F382CA9CE460013CA4E /* HomeControlClient */,
				64CA8F3B2CA9CE510013CA4E /* GoeKit */,
				640791632CAAFA7900926260 /* HomeControlClient */,
			);
			productName = HomeControlAdapterGoeWallbox;
			productReference = 64CA8EFC2CA9CCF60013CA4E /* HomeControlAdapterGoeWallbox.app */;
			productType = "com.apple.product-type.application";
		};
/* End PBXNativeTarget section */

/* Begin PBXProject section */
		64CA8EF42CA9CCF60013CA4E /* Project object */ = {
			isa = PBXProject;
			attributes = {
				BuildIndependentTargetsInParallel = 1;
				LastSwiftUpdateCheck = 1600;
				LastUpgradeCheck = 1600;
				TargetAttributes = {
					64CA8EFB2CA9CCF60013CA4E = {
						CreatedOnToolsVersion = 16.0;
					};
				};
			};
			buildConfigurationList = 64CA8EF72CA9CCF60013CA4E /* Build configuration list for PBXProject "HomeControlAdapterGoeWallbox" */;
			developmentRegion = en;
			hasScannedForEncodings = 0;
			knownRegions = (
				en,
				Base,
			);
			mainGroup = 64CA8EF32CA9CCF60013CA4E;
			minimizedProjectReferenceProxies = 1;
			packageReferences = (
				64CA8F3A2CA9CE510013CA4E /* XCLocalSwiftPackageReference "GoeKit" */,
				640791622CAAFA7900926260 /* XCRemoteSwiftPackageReference "home-control-client" */,
			);
			preferredProjectObjectVersion = 77;
			productRefGroup = 64CA8EFD2CA9CCF60013CA4E /* Products */;
			projectDirPath = "";
			projectReferences = (
				{
					ProductGroup = 64CA8F482CA9D6820013CA4E /* Products */;
					ProjectRef = 64CA8F462CA9D6820013CA4E /* HomeControlAdapterGoeWallbox.xcodeproj */;
				},
				{
					ProductGroup = 64CA8F2C2CA9CD860013CA4E /* Products */;
					ProjectRef = 64CA8F2B2CA9CD860013CA4E /* HomeControlAdapterGoeWallbox.xcodeproj */;
				},
				{
					ProductGroup = 640791562CAAFA6100926260 /* Products */;
					ProjectRef = 640791542CAAFA6100926260 /* HomeControlAdapterGoeWallbox.xcodeproj */;
				},
			);
			projectRoot = "";
			targets = (
				64CA8EFB2CA9CCF60013CA4E /* HomeControlAdapterGoeWallbox */,
			);
		};
/* End PBXProject section */

/* Begin PBXResourcesBuildPhase section */
		64CA8EFA2CA9CCF60013CA4E /* Resources */ = {
			isa = PBXResourcesBuildPhase;
			buildActionMask = 2147483647;
			files = (
			);
			runOnlyForDeploymentPostprocessing = 0;
		};
/* End PBXResourcesBuildPhase section */

/* Begin PBXShellScriptBuildPhase section */
		64CA8F2A2CA9CD650013CA4E /* Swift Lint */ = {
			isa = PBXShellScriptBuildPhase;
			buildActionMask = 2147483647;
			files = (
			);
			inputFileListPaths = (
			);
			inputPaths = (
			);
			name = "Swift Lint";
			outputFileListPaths = (
			);
			outputPaths = (
			);
			runOnlyForDeploymentPostprocessing = 0;
			shellPath = /bin/sh;
			shellScript = "if [[ \"$(uname -m)\" == arm64 ]]\nthen\n    export PATH=\"/opt/homebrew/bin:$PATH\"\nfi\n\nif command -v swiftlint >/dev/null 2>&1\nthen\n    swiftlint\nelse\n    echo \"warning: `swiftlint` command not found - See https://github.com/realm/SwiftLint#installation for installation instructions.\"\nfi\n";
		};
/* End PBXShellScriptBuildPhase section */

/* Begin PBXSourcesBuildPhase section */
		64CA8EF82CA9CCF60013CA4E /* Sources */ = {
			isa = PBXSourcesBuildPhase;
			buildActionMask = 2147483647;
			files = (
			);
			runOnlyForDeploymentPostprocessing = 0;
		};
/* End PBXSourcesBuildPhase section */

/* Begin XCBuildConfiguration section */
		64CA8F092CA9CCF70013CA4E /* Debug */ = {
			isa = XCBuildConfiguration;
			buildSettings = {
				ALWAYS_SEARCH_USER_PATHS = NO;
				ASSETCATALOG_COMPILER_GENERATE_SWIFT_ASSET_SYMBOL_EXTENSIONS = YES;
				CLANG_ANALYZER_NONNULL = YES;
				CLANG_ANALYZER_NUMBER_OBJECT_CONVERSION = YES_AGGRESSIVE;
				CLANG_CXX_LANGUAGE_STANDARD = "gnu++20";
				CLANG_ENABLE_MODULES = YES;
				CLANG_ENABLE_OBJC_ARC = YES;
				CLANG_ENABLE_OBJC_WEAK = YES;
				CLANG_WARN_BLOCK_CAPTURE_AUTORELEASING = YES;
				CLANG_WARN_BOOL_CONVERSION = YES;
				CLANG_WARN_COMMA = YES;
				CLANG_WARN_CONSTANT_CONVERSION = YES;
				CLANG_WARN_DEPRECATED_OBJC_IMPLEMENTATIONS = YES;
				CLANG_WARN_DIRECT_OBJC_ISA_USAGE = YES_ERROR;
				CLANG_WARN_DOCUMENTATION_COMMENTS = YES;
				CLANG_WARN_EMPTY_BODY = YES;
				CLANG_WARN_ENUM_CONVERSION = YES;
				CLANG_WARN_INFINITE_RECURSION = YES;
				CLANG_WARN_INT_CONVERSION = YES;
				CLANG_WARN_NON_LITERAL_NULL_CONVERSION = YES;
				CLANG_WARN_OBJC_IMPLICIT_RETAIN_SELF = YES;
				CLANG_WARN_OBJC_LITERAL_CONVERSION = YES;
				CLANG_WARN_OBJC_ROOT_CLASS = YES_ERROR;
				CLANG_WARN_QUOTED_INCLUDE_IN_FRAMEWORK_HEADER = YES;
				CLANG_WARN_RANGE_LOOP_ANALYSIS = YES;
				CLANG_WARN_STRICT_PROTOTYPES = YES;
				CLANG_WARN_SUSPICIOUS_MOVE = YES;
				CLANG_WARN_UNGUARDED_AVAILABILITY = YES_AGGRESSIVE;
				CLANG_WARN_UNREACHABLE_CODE = YES;
				CLANG_WARN__DUPLICATE_METHOD_MATCH = YES;
				COPY_PHASE_STRIP = NO;
				DEBUG_INFORMATION_FORMAT = dwarf;
				ENABLE_STRICT_OBJC_MSGSEND = YES;
				ENABLE_TESTABILITY = YES;
				ENABLE_USER_SCRIPT_SANDBOXING = YES;
				GCC_C_LANGUAGE_STANDARD = gnu17;
				GCC_DYNAMIC_NO_PIC = NO;
				GCC_NO_COMMON_BLOCKS = YES;
				GCC_OPTIMIZATION_LEVEL = 0;
				GCC_PREPROCESSOR_DEFINITIONS = (
					"DEBUG=1",
					"$(inherited)",
				);
				GCC_WARN_64_TO_32_BIT_CONVERSION = YES;
				GCC_WARN_ABOUT_RETURN_TYPE = YES_ERROR;
				GCC_WARN_UNDECLARED_SELECTOR = YES;
				GCC_WARN_UNINITIALIZED_AUTOS = YES_AGGRESSIVE;
				GCC_WARN_UNUSED_FUNCTION = YES;
				GCC_WARN_UNUSED_VARIABLE = YES;
				LOCALIZATION_PREFERS_STRING_CATALOGS = YES;
				MACOSX_DEPLOYMENT_TARGET = 15.0;
				MTL_ENABLE_DEBUG_INFO = INCLUDE_SOURCE;
				MTL_FAST_MATH = YES;
				ONLY_ACTIVE_ARCH = YES;
				SDKROOT = macosx;
				SWIFT_ACTIVE_COMPILATION_CONDITIONS = "DEBUG $(inherited)";
				SWIFT_OPTIMIZATION_LEVEL = "-Onone";
			};
			name = Debug;
		};
		64CA8F0A2CA9CCF70013CA4E /* Release */ = {
			isa = XCBuildConfiguration;
			buildSettings = {
				ALWAYS_SEARCH_USER_PATHS = NO;
				ASSETCATALOG_COMPILER_GENERATE_SWIFT_ASSET_SYMBOL_EXTENSIONS = YES;
				CLANG_ANALYZER_NONNULL = YES;
				CLANG_ANALYZER_NUMBER_OBJECT_CONVERSION = YES_AGGRESSIVE;
				CLANG_CXX_LANGUAGE_STANDARD = "gnu++20";
				CLANG_ENABLE_MODULES = YES;
				CLANG_ENABLE_OBJC_ARC = YES;
				CLANG_ENABLE_OBJC_WEAK = YES;
				CLANG_WARN_BLOCK_CAPTURE_AUTORELEASING = YES;
				CLANG_WARN_BOOL_CONVERSION = YES;
				CLANG_WARN_COMMA = YES;
				CLANG_WARN_CONSTANT_CONVERSION = YES;
				CLANG_WARN_DEPRECATED_OBJC_IMPLEMENTATIONS = YES;
				CLANG_WARN_DIRECT_OBJC_ISA_USAGE = YES_ERROR;
				CLANG_WARN_DOCUMENTATION_COMMENTS = YES;
				CLANG_WARN_EMPTY_BODY = YES;
				CLANG_WARN_ENUM_CONVERSION = YES;
				CLANG_WARN_INFINITE_RECURSION = YES;
				CLANG_WARN_INT_CONVERSION = YES;
				CLANG_WARN_NON_LITERAL_NULL_CONVERSION = YES;
				CLANG_WARN_OBJC_IMPLICIT_RETAIN_SELF = YES;
				CLANG_WARN_OBJC_LITERAL_CONVERSION = YES;
				CLANG_WARN_OBJC_ROOT_CLASS = YES_ERROR;
				CLANG_WARN_QUOTED_INCLUDE_IN_FRAMEWORK_HEADER = YES;
				CLANG_WARN_RANGE_LOOP_ANALYSIS = YES;
				CLANG_WARN_STRICT_PROTOTYPES = YES;
				CLANG_WARN_SUSPICIOUS_MOVE = YES;
				CLANG_WARN_UNGUARDED_AVAILABILITY = YES_AGGRESSIVE;
				CLANG_WARN_UNREACHABLE_CODE = YES;
				CLANG_WARN__DUPLICATE_METHOD_MATCH = YES;
				COPY_PHASE_STRIP = NO;
				DEBUG_INFORMATION_FORMAT = "dwarf-with-dsym";
				ENABLE_NS_ASSERTIONS = NO;
				ENABLE_STRICT_OBJC_MSGSEND = YES;
				ENABLE_USER_SCRIPT_SANDBOXING = YES;
				GCC_C_LANGUAGE_STANDARD = gnu17;
				GCC_NO_COMMON_BLOCKS = YES;
				GCC_WARN_64_TO_32_BIT_CONVERSION = YES;
				GCC_WARN_ABOUT_RETURN_TYPE = YES_ERROR;
				GCC_WARN_UNDECLARED_SELECTOR = YES;
				GCC_WARN_UNINITIALIZED_AUTOS = YES_AGGRESSIVE;
				GCC_WARN_UNUSED_FUNCTION = YES;
				GCC_WARN_UNUSED_VARIABLE = YES;
				LOCALIZATION_PREFERS_STRING_CATALOGS = YES;
				MACOSX_DEPLOYMENT_TARGET = 15.0;
				MTL_ENABLE_DEBUG_INFO = NO;
				MTL_FAST_MATH = YES;
				SDKROOT = macosx;
				SWIFT_COMPILATION_MODE = wholemodule;
			};
			name = Release;
		};
		64CA8F0C2CA9CCF70013CA4E /* Debug */ = {
			isa = XCBuildConfiguration;
			buildSettings = {
				ASSETCATALOG_COMPILER_APPICON_NAME = AppIcon;
				ASSETCATALOG_COMPILER_GLOBAL_ACCENT_COLOR_NAME = AccentColor;
				CODE_SIGN_ENTITLEMENTS = HomeControlAdapterGoeWallbox/HomeControlAdapterGoeWallbox.entitlements;
				"CODE_SIGN_IDENTITY[sdk=macosx*]" = "Apple Development";
				CODE_SIGN_STYLE = Automatic;
				COMBINE_HIDPI_IMAGES = YES;
				CURRENT_PROJECT_VERSION = 1;
				DEVELOPMENT_ASSET_PATHS = "\"HomeControlAdapterGoeWallbox/Preview Content\"";
				DEVELOPMENT_TEAM = 488D924Q6G;
				ENABLE_HARDENED_RUNTIME = YES;
				ENABLE_PREVIEWS = YES;
				ENABLE_USER_SCRIPT_SANDBOXING = NO;
				GENERATE_INFOPLIST_FILE = YES;
				INFOPLIST_KEY_CFBundleDisplayName = "Go-e Wallbox";
				INFOPLIST_KEY_NSHumanReadableCopyright = "";
				LD_RUNPATH_SEARCH_PATHS = (
					"$(inherited)",
					"@executable_path/../Frameworks",
				);
				MARKETING_VERSION = 1.0;
				PRODUCT_BUNDLE_IDENTIFIER = de.pageler.christoph.HomeControlAdapterGoeWallbox;
				PRODUCT_NAME = "$(TARGET_NAME)";
				SWIFT_EMIT_LOC_STRINGS = YES;
				SWIFT_VERSION = 5.0;
			};
			name = Debug;
		};
		64CA8F0D2CA9CCF70013CA4E /* Release */ = {
			isa = XCBuildConfiguration;
			buildSettings = {
				ASSETCATALOG_COMPILER_APPICON_NAME = AppIcon;
				ASSETCATALOG_COMPILER_GLOBAL_ACCENT_COLOR_NAME = AccentColor;
				CODE_SIGN_ENTITLEMENTS = HomeControlAdapterGoeWallbox/HomeControlAdapterGoeWallbox.entitlements;
				"CODE_SIGN_IDENTITY[sdk=macosx*]" = "Apple Development";
				CODE_SIGN_STYLE = Automatic;
				COMBINE_HIDPI_IMAGES = YES;
				CURRENT_PROJECT_VERSION = 1;
				DEVELOPMENT_ASSET_PATHS = "\"HomeControlAdapterGoeWallbox/Preview Content\"";
				DEVELOPMENT_TEAM = 488D924Q6G;
				ENABLE_HARDENED_RUNTIME = YES;
				ENABLE_PREVIEWS = YES;
				ENABLE_USER_SCRIPT_SANDBOXING = NO;
				GENERATE_INFOPLIST_FILE = YES;
				INFOPLIST_KEY_CFBundleDisplayName = "Go-e Wallbox";
				INFOPLIST_KEY_NSHumanReadableCopyright = "";
				LD_RUNPATH_SEARCH_PATHS = (
					"$(inherited)",
					"@executable_path/../Frameworks",
				);
				MARKETING_VERSION = 1.0;
				PRODUCT_BUNDLE_IDENTIFIER = de.pageler.christoph.HomeControlAdapterGoeWallbox;
				PRODUCT_NAME = "$(TARGET_NAME)";
				SWIFT_EMIT_LOC_STRINGS = YES;
				SWIFT_VERSION = 5.0;
			};
			name = Release;
		};
/* End XCBuildConfiguration section */

/* Begin XCConfigurationList section */
		64CA8EF72CA9CCF60013CA4E /* Build configuration list for PBXProject "HomeControlAdapterGoeWallbox" */ = {
			isa = XCConfigurationList;
			buildConfigurations = (
				64CA8F092CA9CCF70013CA4E /* Debug */,
				64CA8F0A2CA9CCF70013CA4E /* Release */,
			);
			defaultConfigurationIsVisible = 0;
			defaultConfigurationName = Release;
		};
		64CA8F0B2CA9CCF70013CA4E /* Build configuration list for PBXNativeTarget "HomeControlAdapterGoeWallbox" */ = {
			isa = XCConfigurationList;
			buildConfigurations = (
				64CA8F0C2CA9CCF70013CA4E /* Debug */,
				64CA8F0D2CA9CCF70013CA4E /* Release */,
			);
			defaultConfigurationIsVisible = 0;
			defaultConfigurationName = Release;
		};
/* End XCConfigurationList section */

/* Begin XCLocalSwiftPackageReference section */
		64CA8F3A2CA9CE510013CA4E /* XCLocalSwiftPackageReference "GoeKit" */ = {
			isa = XCLocalSwiftPackageReference;
			relativePath = GoeKit;
		};
/* End XCLocalSwiftPackageReference section */

/* Begin XCRemoteSwiftPackageReference section */
		640791622CAAFA7900926260 /* XCRemoteSwiftPackageReference "home-control-client" */ = {
			isa = XCRemoteSwiftPackageReference;
			repositoryURL = "https://github.com/f23a/home-control-client.git";
			requirement = {
				kind = upToNextMajorVersion;
				minimumVersion = 1.0.1;
			};
		};
/* End XCRemoteSwiftPackageReference section */

/* Begin XCSwiftPackageProductDependency section */
		640791632CAAFA7900926260 /* HomeControlClient */ = {
			isa = XCSwiftPackageProductDependency;
			package = 640791622CAAFA7900926260 /* XCRemoteSwiftPackageReference "home-control-client" */;
			productName = HomeControlClient;
		};
		64CA8F382CA9CE460013CA4E /* HomeControlClient */ = {
			isa = XCSwiftPackageProductDependency;
			productName = HomeControlClient;
		};
		64CA8F3B2CA9CE510013CA4E /* GoeKit */ = {
			isa = XCSwiftPackageProductDependency;
			productName = GoeKit;
		};
/* End XCSwiftPackageProductDependency section */
	};
	rootObject = 64CA8EF42CA9CCF60013CA4E /* Project object */;
}
